
Microsoft Visual Studio Solution File, Format Version 12.00
# Visual Studio Version 17
VisualStudioVersion = 17.14.36414.22 d17.14
MinimumVisualStudioVersion = 10.0.40219.1
Project("{FAE04EC0-301F-11D3-BF4B-00C04F79EFBC}") = "TestClients", "TestClients.csproj", "{AB36EF9A-3221-4A30-A984-4D056132949E}"
EndProject
Global
	GlobalSection(SolutionConfigurationPlatforms) = preSolution
		Debug|Any CPU = Debug|Any CPU
		Release|Any CPU = Release|Any CPU
	EndGlobalSection
	GlobalSection(ProjectConfigurationPlatforms) = postSolution
		{AB36EF9A-3221-4A30-A984-4D056132949E}.Debug|Any CPU.ActiveCfg = Debug|Any CPU
		{AB36EF9A-3221-4A30-A984-4D056132949E}.Debug|Any CPU.Build.0 = Debug|Any CPU
		{AB36EF9A-3221-4A30-A984-4D056132949E}.Release|Any CPU.ActiveCfg = Release|Any CPU
		{AB36EF9A-3221-4A30-A984-4D056132949E}.Release|Any CPU.Build.0 = Release|Any CPU
	EndGlobalSection
	GlobalSection(SolutionProperties) = preSolution
		HideSolutionNode = FALSE
	EndGlobalSection
	GlobalSection(ExtensibilityGlobals) = postSolution
		SolutionGuid = {FD1A1DAA-C21A-4AA4-8F44-B66AAEC2108A}
	EndGlobalSection
EndGlobal
